
Microsoft Visual Studio Solution File, Format Version 12.00
# Visual Studio Version 17
VisualStudioVersion = 17.1.32210.238
MinimumVisualStudioVersion = 10.0.40219.1
Project("{FAE04EC0-301F-11D3-BF4B-00C04F79EFBC}") = "Kitchen_Guni", "Kitchen_Guni.csproj", "{DD3C0643-0F42-4573-AEC3-4EAD28375E89}"
EndProject
Global
	GlobalSection(SolutionConfigurationPlatforms) = preSolution
		Debug|Any CPU = Debug|Any CPU
		Release|Any CPU = Release|Any CPU
	EndGlobalSection
	GlobalSection(ProjectConfigurationPlatforms) = postSolution
		{DD3C0643-0F42-4573-AEC3-4EAD28375E89}.Debug|Any CPU.ActiveCfg = Debug|Any CPU
		{DD3C0643-0F42-4573-AEC3-4EAD28375E89}.Debug|Any CPU.Build.0 = Debug|Any CPU
		{DD3C0643-0F42-4573-AEC3-4EAD28375E89}.Release|Any CPU.ActiveCfg = Release|Any CPU
		{DD3C0643-0F42-4573-AEC3-4EAD28375E89}.Release|Any CPU.Build.0 = Release|Any CPU
	EndGlobalSection
	GlobalSection(SolutionProperties) = preSolution
		HideSolutionNode = FALSE
	EndGlobalSection
	GlobalSection(ExtensibilityGlobals) = postSolution
		SolutionGuid = {A141193F-FF09-477A-8C9E-2C1CBECE84C8}
	EndGlobalSection
EndGlobal
